schema: '2.0'
stages:
  prepare:
    cmd: python src/prepare.py
    deps:
    - path: src/prepare.py
      hash: md5
      md5: babef1ef0091407d616f939c1ab09aff
      size: 604
    outs:
    - path: data/raw
      hash: md5
      md5: 23b0000338669d2c61217dbd94633aa0.dir
      size: 54950512
      nfiles: 4
  preprocess:
    cmd: python src/preprocess.py --config params.yaml
    deps:
    - path: data/raw
      hash: md5
      md5: 23b0000338669d2c61217dbd94633aa0.dir
      size: 54950512
      nfiles: 4
    - path: src/preprocess.py
      hash: md5
      md5: 6788d472cf0fe6d60dbb14f9e08b993b
      size: 1700
    params:
      params.yaml:
        preprocess.seed: 42
        preprocess.test_size: 0.1
    outs:
    - path: data/processed
      hash: md5
      md5: da2badad829eb6723fd058f25cb2120f.dir
      size: 219590768
      nfiles: 6
  train:
    cmd: python src/train.py --config params.yaml
    deps:
    - path: data/processed
      hash: md5
      md5: da2badad829eb6723fd058f25cb2120f.dir
      size: 219590768
      nfiles: 6
    - path: src/train.py
      hash: md5
      md5: e5a8320e1fbe732bc8849ea7569a5a21
      size: 1810
    params:
      params.yaml:
        train.batch_size: 32
        train.dense_units: 200
        train.dropout_rate: 0.2
        train.epochs: 10
        train.learning_rate: 0.001
    outs:
    - path: models/history.csv
      hash: md5
      md5: 4a2ff61630e42e3c1e017375ab1a24c0
      size: 799
    - path: models/model.h5
      hash: md5
      md5: e11a07d45931f93a4609e97a27c4f530
      size: 1932088
  evaluate:
    cmd: python src/evaluate.py
    deps:
    - path: data/processed
      hash: md5
      md5: da2badad829eb6723fd058f25cb2120f.dir
      size: 219590768
      nfiles: 6
    - path: models/model.h5
      hash: md5
      md5: e11a07d45931f93a4609e97a27c4f530
      size: 1932088
    - path: src/evaluate.py
      hash: md5
      md5: 7f46df0d4b28a093fc0651415a456d89
      size: 1362
    outs:
    - path: confusion_matrix.png
      hash: md5
      md5: 40f6212e133999aa5b7cc5f7f49ccda0
      size: 47776
    - path: metrics.json
      hash: md5
      md5: 8c2d308992d6d23249f7ec2c08c1b850
      size: 80
